[ "cowboy": "9ec5626171e0fb4b1e4bbb7a98f501866d004794",
  "dynamo": "76fb79994940431a32b8d11c83e68f491b093831",
  "holidayjp": "831c76ed663d8cf42e0f73b262ae0bddb2d21843",
  "httpotion": "beceeebb902898d336482dbb4f898928ca55cb63",
  "ibrowse": "9b8b042fb7d37b90994ef6b6615c92dd2769328e",
  "jsx": "5ca98916de63e573d495a27d03ebeeb7d97e87f1",
  "mimetypes": "e9dfab5aec98963589ecf13bdfcf0490667a730d" ]